
Microsoft Visual Studio Solution File, Format Version 12.00
Project("{FAE04EC0-301F-11D3-BF4B-00C04F79EFBC}") = "ABSolutions.SvgAssetCollector", "ABSolutions.SvgAssetCollector\ABSolutions.SvgAssetCollector.csproj", "{9EBB59C9-720A-4FA8-A7A7-F7446FA1FCF9}"
EndProject
Project("{FAE04EC0-301F-11D3-BF4B-00C04F79EFBC}") = "ABSolutions.SvgAssetCollector.Demo.API", "ABSolutions.SvgAssetCollector.Demo.API\ABSolutions.SvgAssetCollector.Demo.API.csproj", "{CE5C0DEC-72C8-4123-96B9-8C2BC9EBC0FB}"
EndProject
Project("{FAE04EC0-301F-11D3-BF4B-00C04F79EFBC}") = "ABSolutions.SvgAssetCollector.BlazorComponent", "ABSolutions.SvgAssetCollector.BlazorComponent\ABSolutions.SvgAssetCollector.BlazorComponent.csproj", "{2DE701B0-9447-4A47-AEC9-BE11166A3708}"
EndProject
Project("{FAE04EC0-301F-11D3-BF4B-00C04F79EFBC}") = "ABSolutions.SvgAssetCollector.Demo.Blazor", "ABSolutions.SvgAssetCollector.Demo.Blazor\ABSolutions.SvgAssetCollector.Demo.Blazor.csproj", "{6C9655A2-1D75-4CED-ADCC-B27E90EA4693}"
EndProject
Global
	GlobalSection(SolutionConfigurationPlatforms) = preSolution
		Debug|Any CPU = Debug|Any CPU
		Release|Any CPU = Release|Any CPU
	EndGlobalSection
	GlobalSection(ProjectConfigurationPlatforms) = postSolution
		{9EBB59C9-720A-4FA8-A7A7-F7446FA1FCF9}.Debug|Any CPU.ActiveCfg = Debug|Any CPU
		{9EBB59C9-720A-4FA8-A7A7-F7446FA1FCF9}.Debug|Any CPU.Build.0 = Debug|Any CPU
		{9EBB59C9-720A-4FA8-A7A7-F7446FA1FCF9}.Release|Any CPU.ActiveCfg = Release|Any CPU
		{9EBB59C9-720A-4FA8-A7A7-F7446FA1FCF9}.Release|Any CPU.Build.0 = Release|Any CPU
		{CE5C0DEC-72C8-4123-96B9-8C2BC9EBC0FB}.Debug|Any CPU.ActiveCfg = Debug|Any CPU
		{CE5C0DEC-72C8-4123-96B9-8C2BC9EBC0FB}.Debug|Any CPU.Build.0 = Debug|Any CPU
		{CE5C0DEC-72C8-4123-96B9-8C2BC9EBC0FB}.Release|Any CPU.ActiveCfg = Release|Any CPU
		{CE5C0DEC-72C8-4123-96B9-8C2BC9EBC0FB}.Release|Any CPU.Build.0 = Release|Any CPU
		{2DE701B0-9447-4A47-AEC9-BE11166A3708}.Debug|Any CPU.ActiveCfg = Debug|Any CPU
		{2DE701B0-9447-4A47-AEC9-BE11166A3708}.Debug|Any CPU.Build.0 = Debug|Any CPU
		{2DE701B0-9447-4A47-AEC9-BE11166A3708}.Release|Any CPU.ActiveCfg = Release|Any CPU
		{2DE701B0-9447-4A47-AEC9-BE11166A3708}.Release|Any CPU.Build.0 = Release|Any CPU
		{6C9655A2-1D75-4CED-ADCC-B27E90EA4693}.Debug|Any CPU.ActiveCfg = Debug|Any CPU
		{6C9655A2-1D75-4CED-ADCC-B27E90EA4693}.Debug|Any CPU.Build.0 = Debug|Any CPU
		{6C9655A2-1D75-4CED-ADCC-B27E90EA4693}.Release|Any CPU.ActiveCfg = Release|Any CPU
		{6C9655A2-1D75-4CED-ADCC-B27E90EA4693}.Release|Any CPU.Build.0 = Release|Any CPU
	EndGlobalSection
EndGlobal
