
Microsoft Visual Studio Solution File, Format Version 12.00
Project("{FAE04EC0-301F-11D3-BF4B-00C04F79EFBC}") = "ABSolutions.SvgAssetCollector", "ABSolutions.SvgAssetCollector\ABSolutions.SvgAssetCollector.csproj", "{9EBB59C9-720A-4FA8-A7A7-F7446FA1FCF9}"
EndProject
Global
	GlobalSection(SolutionConfigurationPlatforms) = preSolution
		Debug|Any CPU = Debug|Any CPU
		Release|Any CPU = Release|Any CPU
	EndGlobalSection
	GlobalSection(ProjectConfigurationPlatforms) = postSolution
		{9EBB59C9-720A-4FA8-A7A7-F7446FA1FCF9}.Debug|Any CPU.ActiveCfg = Debug|Any CPU
		{9EBB59C9-720A-4FA8-A7A7-F7446FA1FCF9}.Debug|Any CPU.Build.0 = Debug|Any CPU
		{9EBB59C9-720A-4FA8-A7A7-F7446FA1FCF9}.Release|Any CPU.ActiveCfg = Release|Any CPU
		{9EBB59C9-720A-4FA8-A7A7-F7446FA1FCF9}.Release|Any CPU.Build.0 = Release|Any CPU
	EndGlobalSection
EndGlobal
